
Microsoft Visual Studio Solution File, Format Version 12.00
# Visual Studio Version 16
VisualStudioVersion = 16.0.29215.179
MinimumVisualStudioVersion = 10.0.40219.1
Project("{FAE04EC0-301F-11D3-BF4B-00C04F79EFBC}") = "ProyectoTercerParcial", "ProyectoTercerParcial\ProyectoTercerParcial.csproj", "{6CAFB7ED-0734-4771-8929-D77224ACEFD9}"
EndProject
Global
	GlobalSection(SolutionConfigurationPlatforms) = preSolution
		Debug|Any CPU = Debug|Any CPU
		Release|Any CPU = Release|Any CPU
	EndGlobalSection
	GlobalSection(ProjectConfigurationPlatforms) = postSolution
		{6CAFB7ED-0734-4771-8929-D77224ACEFD9}.Debug|Any CPU.ActiveCfg = Debug|Any CPU
		{6CAFB7ED-0734-4771-8929-D77224ACEFD9}.Debug|Any CPU.Build.0 = Debug|Any CPU
		{6CAFB7ED-0734-4771-8929-D77224ACEFD9}.Release|Any CPU.ActiveCfg = Release|Any CPU
		{6CAFB7ED-0734-4771-8929-D77224ACEFD9}.Release|Any CPU.Build.0 = Release|Any CPU
	EndGlobalSection
	GlobalSection(SolutionProperties) = preSolution
		HideSolutionNode = FALSE
	EndGlobalSection
	GlobalSection(ExtensibilityGlobals) = postSolution
		SolutionGuid = {716D97C2-67F6-4B03-A9C5-A7342145F8AD}
	EndGlobalSection
EndGlobal
